
Microsoft Visual Studio Solution File, Format Version 12.00
# Visual Studio Version 17
VisualStudioVersion = 17.7.34031.279
MinimumVisualStudioVersion = 10.0.40219.1
Project("{FAE04EC0-301F-11D3-BF4B-00C04F79EFBC}") = "GameReviewsAPI", "GameReviewsAPI.csproj", "{92DABD8D-C155-439B-8DA4-299D6F17DDD9}"
EndProject
Global
	GlobalSection(SolutionConfigurationPlatforms) = preSolution
		Debug|Any CPU = Debug|Any CPU
		Release|Any CPU = Release|Any CPU
	EndGlobalSection
	GlobalSection(ProjectConfigurationPlatforms) = postSolution
		{92DABD8D-C155-439B-8DA4-299D6F17DDD9}.Debug|Any CPU.ActiveCfg = Debug|Any CPU
		{92DABD8D-C155-439B-8DA4-299D6F17DDD9}.Debug|Any CPU.Build.0 = Debug|Any CPU
		{92DABD8D-C155-439B-8DA4-299D6F17DDD9}.Release|Any CPU.ActiveCfg = Release|Any CPU
		{92DABD8D-C155-439B-8DA4-299D6F17DDD9}.Release|Any CPU.Build.0 = Release|Any CPU
	EndGlobalSection
	GlobalSection(SolutionProperties) = preSolution
		HideSolutionNode = FALSE
	EndGlobalSection
	GlobalSection(ExtensibilityGlobals) = postSolution
		SolutionGuid = {E5FC15E0-E28C-4F77-B2A8-B259176148D2}
	EndGlobalSection
EndGlobal
